// !$*UTF8*$!
{
	archiveVersion = 1;
	classes = {
	};
	objectVersion = 56;
	objects = {

/* Begin PBXBuildFile section */
		BC6538E32A28E2B60009BDE0 /* AWSAPIPlugin in Frameworks */ = {isa = PBXBuildFile; productRef = BC6538E22A28E2B60009BDE0 /* AWSAPIPlugin */; };
		BC6538E52A28E2B60009BDE0 /* AWSCognitoAuthPlugin in Frameworks */ = {isa = PBXBuildFile; productRef = BC6538E42A28E2B60009BDE0 /* AWSCognitoAuthPlugin */; };
		BC6538E72A28E2B60009BDE0 /* AWSDataStorePlugin in Frameworks */ = {isa = PBXBuildFile; productRef = BC6538E62A28E2B60009BDE0 /* AWSDataStorePlugin */; };
		BC6538E92A28E2B60009BDE0 /* AWSLocationGeoPlugin in Frameworks */ = {isa = PBXBuildFile; productRef = BC6538E82A28E2B60009BDE0 /* AWSLocationGeoPlugin */; };
		BC6538EB2A28E2B60009BDE0 /* AWSPinpointAnalyticsPlugin in Frameworks */ = {isa = PBXBuildFile; productRef = BC6538EA2A28E2B60009BDE0 /* AWSPinpointAnalyticsPlugin */; };
		BC6538ED2A28E2B60009BDE0 /* AWSPinpointPushNotificationsPlugin in Frameworks */ = {isa = PBXBuildFile; productRef = BC6538EC2A28E2B60009BDE0 /* AWSPinpointPushNotificationsPlugin */; };
		BC6538EF2A28E2B60009BDE0 /* AWSPluginsCore in Frameworks */ = {isa = PBXBuildFile; productRef = BC6538EE2A28E2B60009BDE0 /* AWSPluginsCore */; };
		BC6538F12A28E2B60009BDE0 /* AWSPredictionsPlugin in Frameworks */ = {isa = PBXBuildFile; productRef = BC6538F02A28E2B60009BDE0 /* AWSPredictionsPlugin */; };
		BC6538F32A28E2B60009BDE0 /* AWSS3StoragePlugin in Frameworks */ = {isa = PBXBuildFile; productRef = BC6538F22A28E2B60009BDE0 /* AWSS3StoragePlugin */; };
		BC6538F52A28E2B60009BDE0 /* Amplify in Frameworks */ = {isa = PBXBuildFile; productRef = BC6538F42A28E2B60009BDE0 /* Amplify */; };
		BC6538F72A28E5B50009BDE0 /* amplifyconfiguration.json in Resources */ = {isa = PBXBuildFile; fileRef = BC6538F62A28E5210009BDE0 /* amplifyconfiguration.json */; };
		BC9F4D402A28C66D00B71A90 /* CognitoAWSTestTaskApp.swift in Sources */ = {isa = PBXBuildFile; fileRef = BC9F4D3F2A28C66D00B71A90 /* CognitoAWSTestTaskApp.swift */; };
		BC9F4D422A28C66D00B71A90 /* LoginView.swift in Sources */ = {isa = PBXBuildFile; fileRef = BC9F4D412A28C66D00B71A90 /* LoginView.swift */; };
		BC9F4D442A28C66E00B71A90 /* Assets.xcassets in Resources */ = {isa = PBXBuildFile; fileRef = BC9F4D432A28C66E00B71A90 /* Assets.xcassets */; };
		BC9F4D482A28C66E00B71A90 /* Preview Assets.xcassets in Resources */ = {isa = PBXBuildFile; fileRef = BC9F4D472A28C66E00B71A90 /* Preview Assets.xcassets */; };
		BC9F4D4F2A28C70700B71A90 /* RegisterView.swift in Sources */ = {isa = PBXBuildFile; fileRef = BC9F4D4E2A28C70700B71A90 /* RegisterView.swift */; };
		BC9F4D572A28CA4700B71A90 /* AuthService.swift in Sources */ = {isa = PBXBuildFile; fileRef = BC9F4D562A28CA4700B71A90 /* AuthService.swift */; };
/* End PBXBuildFile section */

/* Begin PBXFileReference section */
		BC6538F62A28E5210009BDE0 /* amplifyconfiguration.json */ = {isa = PBXFileReference; lastKnownFileType = text.json; path = amplifyconfiguration.json; sourceTree = "<group>"; };
		BC9F4D3C2A28C66D00B71A90 /* CognitoAWSTestTask.app */ = {isa = PBXFileReference; explicitFileType = wrapper.application; includeInIndex = 0; path = CognitoAWSTestTask.app; sourceTree = BUILT_PRODUCTS_DIR; };
		BC9F4D3F2A28C66D00B71A90 /* CognitoAWSTestTaskApp.swift */ = {isa = PBXFileReference; lastKnownFileType = sourcecode.swift; path = CognitoAWSTestTaskApp.swift; sourceTree = "<group>"; };
		BC9F4D412A28C66D00B71A90 /* LoginView.swift */ = {isa = PBXFileReference; lastKnownFileType = sourcecode.swift; path = LoginView.swift; sourceTree = "<group>"; };
		BC9F4D432A28C66E00B71A90 /* Assets.xcassets */ = {isa = PBXFileReference; lastKnownFileType = folder.assetcatalog; path = Assets.xcassets; sourceTree = "<group>"; };
		BC9F4D452A28C66E00B71A90 /* CognitoAWSTestTask.entitlements */ = {isa = PBXFileReference; lastKnownFileType = text.plist.entitlements; path = CognitoAWSTestTask.entitlements; sourceTree = "<group>"; };
		BC9F4D472A28C66E00B71A90 /* Preview Assets.xcassets */ = {isa = PBXFileReference; lastKnownFileType = folder.assetcatalog; path = "Preview Assets.xcassets"; sourceTree = "<group>"; };
		BC9F4D4E2A28C70700B71A90 /* RegisterView.swift */ = {isa = PBXFileReference; lastKnownFileType = sourcecode.swift; path = RegisterView.swift; sourceTree = "<group>"; };
		BC9F4D562A28CA4700B71A90 /* AuthService.swift */ = {isa = PBXFileReference; lastKnownFileType = sourcecode.swift; path = AuthService.swift; sourceTree = "<group>"; };
/* End PBXFileReference section */

/* Begin PBXFrameworksBuildPhase section */
		BC9F4D392A28C66D00B71A90 /* Frameworks */ = {
			isa = PBXFrameworksBuildPhase;
			buildActionMask = 2147483647;
			files = (
				BC6538E72A28E2B60009BDE0 /* AWSDataStorePlugin in Frameworks */,
				BC6538F52A28E2B60009BDE0 /* Amplify in Frameworks */,
				BC6538EF2A28E2B60009BDE0 /* AWSPluginsCore in Frameworks */,
				BC6538F12A28E2B60009BDE0 /* AWSPredictionsPlugin in Frameworks */,
				BC6538ED2A28E2B60009BDE0 /* AWSPinpointPushNotificationsPlugin in Frameworks */,
				BC6538E32A28E2B60009BDE0 /* AWSAPIPlugin in Frameworks */,
				BC6538EB2A28E2B60009BDE0 /* AWSPinpointAnalyticsPlugin in Frameworks */,
				BC6538E92A28E2B60009BDE0 /* AWSLocationGeoPlugin in Frameworks */,
				BC6538E52A28E2B60009BDE0 /* AWSCognitoAuthPlugin in Frameworks */,
				BC6538F32A28E2B60009BDE0 /* AWSS3StoragePlugin in Frameworks */,
			);
			runOnlyForDeploymentPostprocessing = 0;
		};
/* End PBXFrameworksBuildPhase section */

/* Begin PBXGroup section */
		BC9F4D332A28C66D00B71A90 = {
			isa = PBXGroup;
			children = (
				BC9F4D3E2A28C66D00B71A90 /* CognitoAWSTestTask */,
				BC9F4D3D2A28C66D00B71A90 /* Products */,
			);
			sourceTree = "<group>";
		};
		BC9F4D3D2A28C66D00B71A90 /* Products */ = {
			isa = PBXGroup;
			children = (
				BC9F4D3C2A28C66D00B71A90 /* CognitoAWSTestTask.app */,
			);
			name = Products;
			sourceTree = "<group>";
		};
		BC9F4D3E2A28C66D00B71A90 /* CognitoAWSTestTask */ = {
			isa = PBXGroup;
			children = (
				BC9F4D582A28CB4D00B71A90 /* Services */,
				BC9F4D552A28C95000B71A90 /* Components */,
				BC9F4D3F2A28C66D00B71A90 /* CognitoAWSTestTaskApp.swift */,
				BC9F4D432A28C66E00B71A90 /* Assets.xcassets */,
				BC9F4D452A28C66E00B71A90 /* CognitoAWSTestTask.entitlements */,
				BC9F4D462A28C66E00B71A90 /* Preview Content */,
				BC6538F62A28E5210009BDE0 /* amplifyconfiguration.json */,
			);
			path = CognitoAWSTestTask;
			sourceTree = "<group>";
		};
		BC9F4D462A28C66E00B71A90 /* Preview Content */ = {
			isa = PBXGroup;
			children = (
				BC9F4D472A28C66E00B71A90 /* Preview Assets.xcassets */,
			);
			path = "Preview Content";
			sourceTree = "<group>";
		};
		BC9F4D532A28C93800B71A90 /* Auth */ = {
			isa = PBXGroup;
			children = (
				BC9F4D4E2A28C70700B71A90 /* RegisterView.swift */,
				BC9F4D412A28C66D00B71A90 /* LoginView.swift */,
			);
			path = Auth;
			sourceTree = "<group>";
		};
		BC9F4D552A28C95000B71A90 /* Components */ = {
			isa = PBXGroup;
			children = (
				BC9F4D532A28C93800B71A90 /* Auth */,
			);
			path = Components;
			sourceTree = "<group>";
		};
		BC9F4D582A28CB4D00B71A90 /* Services */ = {
			isa = PBXGroup;
			children = (
				BC9F4D562A28CA4700B71A90 /* AuthService.swift */,
			);
			path = Services;
			sourceTree = "<group>";
		};
/* End PBXGroup section */

/* Begin PBXNativeTarget section */
		BC9F4D3B2A28C66D00B71A90 /* CognitoAWSTestTask */ = {
			isa = PBXNativeTarget;
			buildConfigurationList = BC9F4D4B2A28C66E00B71A90 /* Build configuration list for PBXNativeTarget "CognitoAWSTestTask" */;
			buildPhases = (
				BC9F4D382A28C66D00B71A90 /* Sources */,
				BC9F4D392A28C66D00B71A90 /* Frameworks */,
				BC9F4D3A2A28C66D00B71A90 /* Resources */,
			);
			buildRules = (
			);
			dependencies = (
			);
			name = CognitoAWSTestTask;
			packageProductDependencies = (
				BC6538E22A28E2B60009BDE0 /* AWSAPIPlugin */,
				BC6538E42A28E2B60009BDE0 /* AWSCognitoAuthPlugin */,
				BC6538E62A28E2B60009BDE0 /* AWSDataStorePlugin */,
				BC6538E82A28E2B60009BDE0 /* AWSLocationGeoPlugin */,
				BC6538EA2A28E2B60009BDE0 /* AWSPinpointAnalyticsPlugin */,
				BC6538EC2A28E2B60009BDE0 /* AWSPinpointPushNotificationsPlugin */,
				BC6538EE2A28E2B60009BDE0 /* AWSPluginsCore */,
				BC6538F02A28E2B60009BDE0 /* AWSPredictionsPlugin */,
				BC6538F22A28E2B60009BDE0 /* AWSS3StoragePlugin */,
				BC6538F42A28E2B60009BDE0 /* Amplify */,
			);
			productName = CognitoAWSTestTask;
			productReference = BC9F4D3C2A28C66D00B71A90 /* CognitoAWSTestTask.app */;
			productType = "com.apple.product-type.application";
		};
/* End PBXNativeTarget section */

/* Begin PBXProject section */
		BC9F4D342A28C66D00B71A90 /* Project object */ = {
			isa = PBXProject;
			attributes = {
				BuildIndependentTargetsInParallel = 1;
				LastSwiftUpdateCheck = 1430;
				LastUpgradeCheck = 1430;
				TargetAttributes = {
					BC9F4D3B2A28C66D00B71A90 = {
						CreatedOnToolsVersion = 14.3;
					};
				};
			};
			buildConfigurationList = BC9F4D372A28C66D00B71A90 /* Build configuration list for PBXProject "CognitoAWSTestTask" */;
			compatibilityVersion = "Xcode 14.0";
			developmentRegion = en;
			hasScannedForEncodings = 0;
			knownRegions = (
				en,
				Base,
			);
			mainGroup = BC9F4D332A28C66D00B71A90;
			packageReferences = (
				BC6538E12A28E2B60009BDE0 /* XCRemoteSwiftPackageReference "amplify-swift" */,
			);
			productRefGroup = BC9F4D3D2A28C66D00B71A90 /* Products */;
			projectDirPath = "";
			projectRoot = "";
			targets = (
				BC9F4D3B2A28C66D00B71A90 /* CognitoAWSTestTask */,
			);
		};
/* End PBXProject section */

/* Begin PBXResourcesBuildPhase section */
		BC9F4D3A2A28C66D00B71A90 /* Resources */ = {
			isa = PBXResourcesBuildPhase;
			buildActionMask = 2147483647;
			files = (
				BC9F4D482A28C66E00B71A90 /* Preview Assets.xcassets in Resources */,
				BC6538F72A28E5B50009BDE0 /* amplifyconfiguration.json in Resources */,
				BC9F4D442A28C66E00B71A90 /* Assets.xcassets in Resources */,
			);
			runOnlyForDeploymentPostprocessing = 0;
		};
/* End PBXResourcesBuildPhase section */

/* Begin PBXSourcesBuildPhase section */
		BC9F4D382A28C66D00B71A90 /* Sources */ = {
			isa = PBXSourcesBuildPhase;
			buildActionMask = 2147483647;
			files = (
				BC9F4D4F2A28C70700B71A90 /* RegisterView.swift in Sources */,
				BC9F4D572A28CA4700B71A90 /* AuthService.swift in Sources */,
				BC9F4D422A28C66D00B71A90 /* LoginView.swift in Sources */,
				BC9F4D402A28C66D00B71A90 /* CognitoAWSTestTaskApp.swift in Sources */,
			);
			runOnlyForDeploymentPostprocessing = 0;
		};
/* End PBXSourcesBuildPhase section */

/* Begin XCBuildConfiguration section */
		BC9F4D492A28C66E00B71A90 /* Debug */ = {
			isa = XCBuildConfiguration;
			buildSettings = {
				ALWAYS_SEARCH_USER_PATHS = NO;
				CLANG_ANALYZER_NONNULL = YES;
				CLANG_ANALYZER_NUMBER_OBJECT_CONVERSION = YES_AGGRESSIVE;
				CLANG_CXX_LANGUAGE_STANDARD = "gnu++20";
				CLANG_ENABLE_MODULES = YES;
				CLANG_ENABLE_OBJC_ARC = YES;
				CLANG_ENABLE_OBJC_WEAK = YES;
				CLANG_WARN_BLOCK_CAPTURE_AUTORELEASING = YES;
				CLANG_WARN_BOOL_CONVERSION = YES;
				CLANG_WARN_COMMA = YES;
				CLANG_WARN_CONSTANT_CONVERSION = YES;
				CLANG_WARN_DEPRECATED_OBJC_IMPLEMENTATIONS = YES;
				CLANG_WARN_DIRECT_OBJC_ISA_USAGE = YES_ERROR;
				CLANG_WARN_DOCUMENTATION_COMMENTS = YES;
				CLANG_WARN_EMPTY_BODY = YES;
				CLANG_WARN_ENUM_CONVERSION = YES;
				CLANG_WARN_INFINITE_RECURSION = YES;
				CLANG_WARN_INT_CONVERSION = YES;
				CLANG_WARN_NON_LITERAL_NULL_CONVERSION = YES;
				CLANG_WARN_OBJC_IMPLICIT_RETAIN_SELF = YES;
				CLANG_WARN_OBJC_LITERAL_CONVERSION = YES;
				CLANG_WARN_OBJC_ROOT_CLASS = YES_ERROR;
				CLANG_WARN_QUOTED_INCLUDE_IN_FRAMEWORK_HEADER = YES;
				CLANG_WARN_RANGE_LOOP_ANALYSIS = YES;
				CLANG_WARN_STRICT_PROTOTYPES = YES;
				CLANG_WARN_SUSPICIOUS_MOVE = YES;
				CLANG_WARN_UNGUARDED_AVAILABILITY = YES_AGGRESSIVE;
				CLANG_WARN_UNREACHABLE_CODE = YES;
				CLANG_WARN__DUPLICATE_METHOD_MATCH = YES;
				COPY_PHASE_STRIP = NO;
				DEBUG_INFORMATION_FORMAT = dwarf;
				ENABLE_STRICT_OBJC_MSGSEND = YES;
				ENABLE_TESTABILITY = YES;
				GCC_C_LANGUAGE_STANDARD = gnu11;
				GCC_DYNAMIC_NO_PIC = NO;
				GCC_NO_COMMON_BLOCKS = YES;
				GCC_OPTIMIZATION_LEVEL = 0;
				GCC_PREPROCESSOR_DEFINITIONS = (
					"DEBUG=1",
					"$(inherited)",
				);
				GCC_WARN_64_TO_32_BIT_CONVERSION = YES;
				GCC_WARN_ABOUT_RETURN_TYPE = YES_ERROR;
				GCC_WARN_UNDECLARED_SELECTOR = YES;
				GCC_WARN_UNINITIALIZED_AUTOS = YES_AGGRESSIVE;
				GCC_WARN_UNUSED_FUNCTION = YES;
				GCC_WARN_UNUSED_VARIABLE = YES;
				MTL_ENABLE_DEBUG_INFO = INCLUDE_SOURCE;
				MTL_FAST_MATH = YES;
				ONLY_ACTIVE_ARCH = YES;
				SWIFT_ACTIVE_COMPILATION_CONDITIONS = DEBUG;
				SWIFT_OPTIMIZATION_LEVEL = "-Onone";
			};
			name = Debug;
		};
		BC9F4D4A2A28C66E00B71A90 /* Release */ = {
			isa = XCBuildConfiguration;
			buildSettings = {
				ALWAYS_SEARCH_USER_PATHS = NO;
				CLANG_ANALYZER_NONNULL = YES;
				CLANG_ANALYZER_NUMBER_OBJECT_CONVERSION = YES_AGGRESSIVE;
				CLANG_CXX_LANGUAGE_STANDARD = "gnu++20";
				CLANG_ENABLE_MODULES = YES;
				CLANG_ENABLE_OBJC_ARC = YES;
				CLANG_ENABLE_OBJC_WEAK = YES;
				CLANG_WARN_BLOCK_CAPTURE_AUTORELEASING = YES;
				CLANG_WARN_BOOL_CONVERSION = YES;
				CLANG_WARN_COMMA = YES;
				CLANG_WARN_CONSTANT_CONVERSION = YES;
				CLANG_WARN_DEPRECATED_OBJC_IMPLEMENTATIONS = YES;
				CLANG_WARN_DIRECT_OBJC_ISA_USAGE = YES_ERROR;
				CLANG_WARN_DOCUMENTATION_COMMENTS = YES;
				CLANG_WARN_EMPTY_BODY = YES;
				CLANG_WARN_ENUM_CONVERSION = YES;
				CLANG_WARN_INFINITE_RECURSION = YES;
				CLANG_WARN_INT_CONVERSION = YES;
				CLANG_WARN_NON_LITERAL_NULL_CONVERSION = YES;
				CLANG_WARN_OBJC_IMPLICIT_RETAIN_SELF = YES;
				CLANG_WARN_OBJC_LITERAL_CONVERSION = YES;
				CLANG_WARN_OBJC_ROOT_CLASS = YES_ERROR;
				CLANG_WARN_QUOTED_INCLUDE_IN_FRAMEWORK_HEADER = YES;
				CLANG_WARN_RANGE_LOOP_ANALYSIS = YES;
				CLANG_WARN_STRICT_PROTOTYPES = YES;
				CLANG_WARN_SUSPICIOUS_MOVE = YES;
				CLANG_WARN_UNGUARDED_AVAILABILITY = YES_AGGRESSIVE;
				CLANG_WARN_UNREACHABLE_CODE = YES;
				CLANG_WARN__DUPLICATE_METHOD_MATCH = YES;
				COPY_PHASE_STRIP = NO;
				DEBUG_INFORMATION_FORMAT = "dwarf-with-dsym";
				ENABLE_NS_ASSERTIONS = NO;
				ENABLE_STRICT_OBJC_MSGSEND = YES;
				GCC_C_LANGUAGE_STANDARD = gnu11;
				GCC_NO_COMMON_BLOCKS = YES;
				GCC_WARN_64_TO_32_BIT_CONVERSION = YES;
				GCC_WARN_ABOUT_RETURN_TYPE = YES_ERROR;
				GCC_WARN_UNDECLARED_SELECTOR = YES;
				GCC_WARN_UNINITIALIZED_AUTOS = YES_AGGRESSIVE;
				GCC_WARN_UNUSED_FUNCTION = YES;
				GCC_WARN_UNUSED_VARIABLE = YES;
				MTL_ENABLE_DEBUG_INFO = NO;
				MTL_FAST_MATH = YES;
				SWIFT_COMPILATION_MODE = wholemodule;
				SWIFT_OPTIMIZATION_LEVEL = "-O";
			};
			name = Release;
		};
		BC9F4D4C2A28C66E00B71A90 /* Debug */ = {
			isa = XCBuildConfiguration;
			buildSettings = {
				ASSETCATALOG_COMPILER_APPICON_NAME = AppIcon;
				ASSETCATALOG_COMPILER_GLOBAL_ACCENT_COLOR_NAME = AccentColor;
				CODE_SIGN_ENTITLEMENTS = CognitoAWSTestTask/CognitoAWSTestTask.entitlements;
				CODE_SIGN_STYLE = Automatic;
				CURRENT_PROJECT_VERSION = 1;
				DEVELOPMENT_ASSET_PATHS = "\"CognitoAWSTestTask/Preview Content\"";
				DEVELOPMENT_TEAM = 9WW9Z623Y6;
				ENABLE_HARDENED_RUNTIME = YES;
				ENABLE_PREVIEWS = YES;
				GENERATE_INFOPLIST_FILE = YES;
				"INFOPLIST_KEY_UIApplicationSceneManifest_Generation[sdk=iphoneos*]" = YES;
				"INFOPLIST_KEY_UIApplicationSceneManifest_Generation[sdk=iphonesimulator*]" = YES;
				"INFOPLIST_KEY_UIApplicationSupportsIndirectInputEvents[sdk=iphoneos*]" = YES;
				"INFOPLIST_KEY_UIApplicationSupportsIndirectInputEvents[sdk=iphonesimulator*]" = YES;
				"INFOPLIST_KEY_UILaunchScreen_Generation[sdk=iphoneos*]" = YES;
				"INFOPLIST_KEY_UILaunchScreen_Generation[sdk=iphonesimulator*]" = YES;
				"INFOPLIST_KEY_UIStatusBarStyle[sdk=iphoneos*]" = UIStatusBarStyleDefault;
				"INFOPLIST_KEY_UIStatusBarStyle[sdk=iphonesimulator*]" = UIStatusBarStyleDefault;
				INFOPLIST_KEY_UISupportedInterfaceOrientations_iPad = "UIInterfaceOrientationPortrait UIInterfaceOrientationPortraitUpsideDown UIInterfaceOrientationLandscapeLeft UIInterfaceOrientationLandscapeRight";
				INFOPLIST_KEY_UISupportedInterfaceOrientations_iPhone = "UIInterfaceOrientationPortrait UIInterfaceOrientationLandscapeLeft UIInterfaceOrientationLandscapeRight";
				IPHONEOS_DEPLOYMENT_TARGET = 16.4;
				LD_RUNPATH_SEARCH_PATHS = "@executable_path/Frameworks";
				"LD_RUNPATH_SEARCH_PATHS[sdk=macosx*]" = "@executable_path/../Frameworks";
				MACOSX_DEPLOYMENT_TARGET = 13.3;
				MARKETING_VERSION = 1.0;
				PRODUCT_BUNDLE_IDENTIFIER = den4iklvivua.CognitoAWSTestTask;
				PRODUCT_NAME = "$(TARGET_NAME)";
				SDKROOT = auto;
				SUPPORTED_PLATFORMS = "iphoneos iphonesimulator macosx";
				SWIFT_EMIT_LOC_STRINGS = YES;
				SWIFT_VERSION = 5.0;
				TARGETED_DEVICE_FAMILY = "1,2";
			};
			name = Debug;
		};
		BC9F4D4D2A28C66E00B71A90 /* Release */ = {
			isa = XCBuildConfiguration;
			buildSettings = {
				ASSETCATALOG_COMPILER_APPICON_NAME = AppIcon;
				ASSETCATALOG_COMPILER_GLOBAL_ACCENT_COLOR_NAME = AccentColor;
				CODE_SIGN_ENTITLEMENTS = CognitoAWSTestTask/CognitoAWSTestTask.entitlements;
				CODE_SIGN_STYLE = Automatic;
				CURRENT_PROJECT_VERSION = 1;
				DEVELOPMENT_ASSET_PATHS = "\"CognitoAWSTestTask/Preview Content\"";
				DEVELOPMENT_TEAM = 9WW9Z623Y6;
				ENABLE_HARDENED_RUNTIME = YES;
				ENABLE_PREVIEWS = YES;
				GENERATE_INFOPLIST_FILE = YES;
				"INFOPLIST_KEY_UIApplicationSceneManifest_Generation[sdk=iphoneos*]" = YES;
				"INFOPLIST_KEY_UIApplicationSceneManifest_Generation[sdk=iphonesimulator*]" = YES;
				"INFOPLIST_KEY_UIApplicationSupportsIndirectInputEvents[sdk=iphoneos*]" = YES;
				"INFOPLIST_KEY_UIApplicationSupportsIndirectInputEvents[sdk=iphonesimulator*]" = YES;
				"INFOPLIST_KEY_UILaunchScreen_Generation[sdk=iphoneos*]" = YES;
				"INFOPLIST_KEY_UILaunchScreen_Generation[sdk=iphonesimulator*]" = YES;
				"INFOPLIST_KEY_UIStatusBarStyle[sdk=iphoneos*]" = UIStatusBarStyleDefault;
				"INFOPLIST_KEY_UIStatusBarStyle[sdk=iphonesimulator*]" = UIStatusBarStyleDefault;
				INFOPLIST_KEY_UISupportedInterfaceOrientations_iPad = "UIInterfaceOrientationPortrait UIInterfaceOrientationPortraitUpsideDown UIInterfaceOrientationLandscapeLeft UIInterfaceOrientationLandscapeRight";
				INFOPLIST_KEY_UISupportedInterfaceOrientations_iPhone = "UIInterfaceOrientationPortrait UIInterfaceOrientationLandscapeLeft UIInterfaceOrientationLandscapeRight";
				IPHONEOS_DEPLOYMENT_TARGET = 16.4;
				LD_RUNPATH_SEARCH_PATHS = "@executable_path/Frameworks";
				"LD_RUNPATH_SEARCH_PATHS[sdk=macosx*]" = "@executable_path/../Frameworks";
				MACOSX_DEPLOYMENT_TARGET = 13.3;
				MARKETING_VERSION = 1.0;
				PRODUCT_BUNDLE_IDENTIFIER = den4iklvivua.CognitoAWSTestTask;
				PRODUCT_NAME = "$(TARGET_NAME)";
				SDKROOT = auto;
				SUPPORTED_PLATFORMS = "iphoneos iphonesimulator macosx";
				SWIFT_EMIT_LOC_STRINGS = YES;
				SWIFT_VERSION = 5.0;
				TARGETED_DEVICE_FAMILY = "1,2";
			};
			name = Release;
		};
/* End XCBuildConfiguration section */

/* Begin XCConfigurationList section */
		BC9F4D372A28C66D00B71A90 /* Build configuration list for PBXProject "CognitoAWSTestTask" */ = {
			isa = XCConfigurationList;
			buildConfigurations = (
				BC9F4D492A28C66E00B71A90 /* Debug */,
				BC9F4D4A2A28C66E00B71A90 /* Release */,
			);
			defaultConfigurationIsVisible = 0;
			defaultConfigurationName = Release;
		};
		BC9F4D4B2A28C66E00B71A90 /* Build configuration list for PBXNativeTarget "CognitoAWSTestTask" */ = {
			isa = XCConfigurationList;
			buildConfigurations = (
				BC9F4D4C2A28C66E00B71A90 /* Debug */,
				BC9F4D4D2A28C66E00B71A90 /* Release */,
			);
			defaultConfigurationIsVisible = 0;
			defaultConfigurationName = Release;
		};
/* End XCConfigurationList section */

/* Begin XCRemoteSwiftPackageReference section */
		BC6538E12A28E2B60009BDE0 /* XCRemoteSwiftPackageReference "amplify-swift" */ = {
			isa = XCRemoteSwiftPackageReference;
			repositoryURL = "https://github.com/aws-amplify/amplify-swift";
			requirement = {
				kind = upToNextMajorVersion;
				minimumVersion = 2.0.0;
			};
		};
/* End XCRemoteSwiftPackageReference section */

/* Begin XCSwiftPackageProductDependency section */
		BC6538E22A28E2B60009BDE0 /* AWSAPIPlugin */ = {
			isa = XCSwiftPackageProductDependency;
			package = BC6538E12A28E2B60009BDE0 /* XCRemoteSwiftPackageReference "amplify-swift" */;
			productName = AWSAPIPlugin;
		};
		BC6538E42A28E2B60009BDE0 /* AWSCognitoAuthPlugin */ = {
			isa = XCSwiftPackageProductDependency;
			package = BC6538E12A28E2B60009BDE0 /* XCRemoteSwiftPackageReference "amplify-swift" */;
			productName = AWSCognitoAuthPlugin;
		};
		BC6538E62A28E2B60009BDE0 /* AWSDataStorePlugin */ = {
			isa = XCSwiftPackageProductDependency;
			package = BC6538E12A28E2B60009BDE0 /* XCRemoteSwiftPackageReference "amplify-swift" */;
			productName = AWSDataStorePlugin;
		};
		BC6538E82A28E2B60009BDE0 /* AWSLocationGeoPlugin */ = {
			isa = XCSwiftPackageProductDependency;
			package = BC6538E12A28E2B60009BDE0 /* XCRemoteSwiftPackageReference "amplify-swift" */;
			productName = AWSLocationGeoPlugin;
		};
		BC6538EA2A28E2B60009BDE0 /* AWSPinpointAnalyticsPlugin */ = {
			isa = XCSwiftPackageProductDependency;
			package = BC6538E12A28E2B60009BDE0 /* XCRemoteSwiftPackageReference "amplify-swift" */;
			productName = AWSPinpointAnalyticsPlugin;
		};
		BC6538EC2A28E2B60009BDE0 /* AWSPinpointPushNotificationsPlugin */ = {
			isa = XCSwiftPackageProductDependency;
			package = BC6538E12A28E2B60009BDE0 /* XCRemoteSwiftPackageReference "amplify-swift" */;
			productName = AWSPinpointPushNotificationsPlugin;
		};
		BC6538EE2A28E2B60009BDE0 /* AWSPluginsCore */ = {
			isa = XCSwiftPackageProductDependency;
			package = BC6538E12A28E2B60009BDE0 /* XCRemoteSwiftPackageReference "amplify-swift" */;
			productName = AWSPluginsCore;
		};
		BC6538F02A28E2B60009BDE0 /* AWSPredictionsPlugin */ = {
			isa = XCSwiftPackageProductDependency;
			package = BC6538E12A28E2B60009BDE0 /* XCRemoteSwiftPackageReference "amplify-swift" */;
			productName = AWSPredictionsPlugin;
		};
		BC6538F22A28E2B60009BDE0 /* AWSS3StoragePlugin */ = {
			isa = XCSwiftPackageProductDependency;
			package = BC6538E12A28E2B60009BDE0 /* XCRemoteSwiftPackageReference "amplify-swift" */;
			productName = AWSS3StoragePlugin;
		};
		BC6538F42A28E2B60009BDE0 /* Amplify */ = {
			isa = XCSwiftPackageProductDependency;
			package = BC6538E12A28E2B60009BDE0 /* XCRemoteSwiftPackageReference "amplify-swift" */;
			productName = Amplify;
		};
/* End XCSwiftPackageProductDependency section */
	};
	rootObject = BC9F4D342A28C66D00B71A90 /* Project object */;
}
